
Microsoft Visual Studio Solution File, Format Version 12.00
# Visual Studio 15
VisualStudioVersion = 15.0.27703.2018
MinimumVisualStudioVersion = 10.0.40219.1
Project("{FAE04EC0-301F-11D3-BF4B-00C04F79EFBC}") = "LangDriver", "LangDriver\LangDriver.csproj", "{4E086023-D4B6-4BBA-9B4D-C6FB80C00075}"
EndProject
Project("{FAE04EC0-301F-11D3-BF4B-00C04F79EFBC}") = "LangDriver.BusinessLogic", "LangDriver.BusinessLogic\LangDriver.BusinessLogic.csproj", "{31E01C21-11EF-4675-B4AF-1DD5801FE53F}"
EndProject
Project("{FAE04EC0-301F-11D3-BF4B-00C04F79EFBC}") = "LangDriver.DataAccess", "LangDriver.DataAccess\LangDriver.DataAccess.csproj", "{83396F2D-B35E-4E32-A824-6D45ECF4303E}"
EndProject
Project("{FAE04EC0-301F-11D3-BF4B-00C04F79EFBC}") = "LangDriver.Common", "LangDriver.Common\LangDriver.Common.csproj", "{28ED00FC-E291-4501-85AE-37C8B3EB3D54}"
EndProject
Global
	GlobalSection(SolutionConfigurationPlatforms) = preSolution
		Debug|Any CPU = Debug|Any CPU
		Release|Any CPU = Release|Any CPU
	EndGlobalSection
	GlobalSection(ProjectConfigurationPlatforms) = postSolution
		{4E086023-D4B6-4BBA-9B4D-C6FB80C00075}.Debug|Any CPU.ActiveCfg = Debug|Any CPU
		{4E086023-D4B6-4BBA-9B4D-C6FB80C00075}.Debug|Any CPU.Build.0 = Debug|Any CPU
		{4E086023-D4B6-4BBA-9B4D-C6FB80C00075}.Release|Any CPU.ActiveCfg = Release|Any CPU
		{4E086023-D4B6-4BBA-9B4D-C6FB80C00075}.Release|Any CPU.Build.0 = Release|Any CPU
		{31E01C21-11EF-4675-B4AF-1DD5801FE53F}.Debug|Any CPU.ActiveCfg = Debug|Any CPU
		{31E01C21-11EF-4675-B4AF-1DD5801FE53F}.Debug|Any CPU.Build.0 = Debug|Any CPU
		{31E01C21-11EF-4675-B4AF-1DD5801FE53F}.Release|Any CPU.ActiveCfg = Release|Any CPU
		{31E01C21-11EF-4675-B4AF-1DD5801FE53F}.Release|Any CPU.Build.0 = Release|Any CPU
		{83396F2D-B35E-4E32-A824-6D45ECF4303E}.Debug|Any CPU.ActiveCfg = Debug|Any CPU
		{83396F2D-B35E-4E32-A824-6D45ECF4303E}.Debug|Any CPU.Build.0 = Debug|Any CPU
		{83396F2D-B35E-4E32-A824-6D45ECF4303E}.Release|Any CPU.ActiveCfg = Release|Any CPU
		{83396F2D-B35E-4E32-A824-6D45ECF4303E}.Release|Any CPU.Build.0 = Release|Any CPU
		{28ED00FC-E291-4501-85AE-37C8B3EB3D54}.Debug|Any CPU.ActiveCfg = Debug|Any CPU
		{28ED00FC-E291-4501-85AE-37C8B3EB3D54}.Debug|Any CPU.Build.0 = Debug|Any CPU
		{28ED00FC-E291-4501-85AE-37C8B3EB3D54}.Release|Any CPU.ActiveCfg = Release|Any CPU
		{28ED00FC-E291-4501-85AE-37C8B3EB3D54}.Release|Any CPU.Build.0 = Release|Any CPU
	EndGlobalSection
	GlobalSection(SolutionProperties) = preSolution
		HideSolutionNode = FALSE
	EndGlobalSection
	GlobalSection(ExtensibilityGlobals) = postSolution
		SolutionGuid = {9C72CDDB-763B-4CB3-BAD6-B901889DA387}
	EndGlobalSection
EndGlobal
